
Microsoft Visual Studio Solution File, Format Version 12.00
# Visual Studio Version 16
VisualStudioVersion = 16.0.31515.178
MinimumVisualStudioVersion = 10.0.40219.1
Project("{FAE04EC0-301F-11D3-BF4B-00C04F79EFBC}") = "Спаситель", "Спаситель.csproj", "{C0B25D99-322D-4C33-9F82-A212E93BAEC7}"
EndProject
Global
	GlobalSection(SolutionConfigurationPlatforms) = preSolution
		Debug|Any CPU = Debug|Any CPU
		Release|Any CPU = Release|Any CPU
	EndGlobalSection
	GlobalSection(ProjectConfigurationPlatforms) = postSolution
		{C0B25D99-322D-4C33-9F82-A212E93BAEC7}.Debug|Any CPU.ActiveCfg = Debug|Any CPU
		{C0B25D99-322D-4C33-9F82-A212E93BAEC7}.Debug|Any CPU.Build.0 = Debug|Any CPU
		{C0B25D99-322D-4C33-9F82-A212E93BAEC7}.Release|Any CPU.ActiveCfg = Release|Any CPU
		{C0B25D99-322D-4C33-9F82-A212E93BAEC7}.Release|Any CPU.Build.0 = Release|Any CPU
	EndGlobalSection
	GlobalSection(SolutionProperties) = preSolution
		HideSolutionNode = FALSE
	EndGlobalSection
	GlobalSection(ExtensibilityGlobals) = postSolution
		SolutionGuid = {98613A47-6AB0-46FF-9387-A53DEFCBCFB9}
	EndGlobalSection
EndGlobal
